
Microsoft Visual Studio Solution File, Format Version 12.00
# Visual Studio Version 17
VisualStudioVersion = 17.7.34031.279
MinimumVisualStudioVersion = 10.0.40219.1
Project("{8BC9CEB8-8B4A-11D0-8D11-00A0C91BC942}") = "AVSLab_2.1", "AVSLab_2.1\AVSLab_2.1.vcxproj", "{E76D8ECF-594F-4F77-94DE-44B20C0E2912}"
EndProject
Project("{8BC9CEB8-8B4A-11D0-8D11-00A0C91BC942}") = "AVSLab_2.2", "AVSLab_2.2\AVSLab_2.2.vcxproj", "{DB706E13-B34C-406C-BDCD-58A068F8B510}"
EndProject
Project("{8BC9CEB8-8B4A-11D0-8D11-00A0C91BC942}") = "AVSLab_2.3", "AVSLab_2.3\AVSLab_2.3.vcxproj", "{102C7815-2855-4106-B757-81588EFF633D}"
EndProject
Project("{8BC9CEB8-8B4A-11D0-8D11-00A0C91BC942}") = "AVSLab_2.4", "AVSLab_2.4\AVSLab_2.4.vcxproj", "{C240A74D-3F0A-423A-B5A1-03CF5CEE0116}"
EndProject
Project("{8BC9CEB8-8B4A-11D0-8D11-00A0C91BC942}") = "AVSLab_2.5", "AVSLab_2.5\AVSLab_2.5.vcxproj", "{334A1A38-C97C-4400-A546-786994C631B9}"
EndProject
Project("{8BC9CEB8-8B4A-11D0-8D11-00A0C91BC942}") = "AVSLab_2.6", "AVSLab_2.6\AVSLab_2.6.vcxproj", "{F4AC8F9B-78EE-49FE-A425-202CEAA4EF4A}"
EndProject
Project("{8BC9CEB8-8B4A-11D0-8D11-00A0C91BC942}") = "AVSLab_2.7", "AVSLab_2.7\AVSLab_2.7.vcxproj", "{C50CA0FD-D26B-457F-9FEE-E48C76D69389}"
EndProject
Project("{8BC9CEB8-8B4A-11D0-8D11-00A0C91BC942}") = "AVSLab_2.8", "AVSLab_2.8\AVSLab_2.8.vcxproj", "{25C46BA8-9A76-4CFC-8061-95822D817DEB}"
EndProject
Global
	GlobalSection(SolutionConfigurationPlatforms) = preSolution
		Debug|x64 = Debug|x64
		Debug|x86 = Debug|x86
		Release|x64 = Release|x64
		Release|x86 = Release|x86
	EndGlobalSection
	GlobalSection(ProjectConfigurationPlatforms) = postSolution
		{E76D8ECF-594F-4F77-94DE-44B20C0E2912}.Debug|x64.ActiveCfg = Debug|x64
		{E76D8ECF-594F-4F77-94DE-44B20C0E2912}.Debug|x64.Build.0 = Debug|x64
		{E76D8ECF-594F-4F77-94DE-44B20C0E2912}.Debug|x86.ActiveCfg = Debug|Win32
		{E76D8ECF-594F-4F77-94DE-44B20C0E2912}.Debug|x86.Build.0 = Debug|Win32
		{E76D8ECF-594F-4F77-94DE-44B20C0E2912}.Release|x64.ActiveCfg = Release|x64
		{E76D8ECF-594F-4F77-94DE-44B20C0E2912}.Release|x64.Build.0 = Release|x64
		{E76D8ECF-594F-4F77-94DE-44B20C0E2912}.Release|x86.ActiveCfg = Release|Win32
		{E76D8ECF-594F-4F77-94DE-44B20C0E2912}.Release|x86.Build.0 = Release|Win32
		{DB706E13-B34C-406C-BDCD-58A068F8B510}.Debug|x64.ActiveCfg = Debug|x64
		{DB706E13-B34C-406C-BDCD-58A068F8B510}.Debug|x64.Build.0 = Debug|x64
		{DB706E13-B34C-406C-BDCD-58A068F8B510}.Debug|x86.ActiveCfg = Debug|Win32
		{DB706E13-B34C-406C-BDCD-58A068F8B510}.Debug|x86.Build.0 = Debug|Win32
		{DB706E13-B34C-406C-BDCD-58A068F8B510}.Release|x64.ActiveCfg = Release|x64
		{DB706E13-B34C-406C-BDCD-58A068F8B510}.Release|x64.Build.0 = Release|x64
		{DB706E13-B34C-406C-BDCD-58A068F8B510}.Release|x86.ActiveCfg = Release|Win32
		{DB706E13-B34C-406C-BDCD-58A068F8B510}.Release|x86.Build.0 = Release|Win32
		{102C7815-2855-4106-B757-81588EFF633D}.Debug|x64.ActiveCfg = Debug|x64
		{102C7815-2855-4106-B757-81588EFF633D}.Debug|x64.Build.0 = Debug|x64
		{102C7815-2855-4106-B757-81588EFF633D}.Debug|x86.ActiveCfg = Debug|Win32
		{102C7815-2855-4106-B757-81588EFF633D}.Debug|x86.Build.0 = Debug|Win32
		{102C7815-2855-4106-B757-81588EFF633D}.Release|x64.ActiveCfg = Release|x64
		{102C7815-2855-4106-B757-81588EFF633D}.Release|x64.Build.0 = Release|x64
		{102C7815-2855-4106-B757-81588EFF633D}.Release|x86.ActiveCfg = Release|Win32
		{102C7815-2855-4106-B757-81588EFF633D}.Release|x86.Build.0 = Release|Win32
		{C240A74D-3F0A-423A-B5A1-03CF5CEE0116}.Debug|x64.ActiveCfg = Debug|x64
		{C240A74D-3F0A-423A-B5A1-03CF5CEE0116}.Debug|x64.Build.0 = Debug|x64
		{C240A74D-3F0A-423A-B5A1-03CF5CEE0116}.Debug|x86.ActiveCfg = Debug|Win32
		{C240A74D-3F0A-423A-B5A1-03CF5CEE0116}.Debug|x86.Build.0 = Debug|Win32
		{C240A74D-3F0A-423A-B5A1-03CF5CEE0116}.Release|x64.ActiveCfg = Release|x64
		{C240A74D-3F0A-423A-B5A1-03CF5CEE0116}.Release|x64.Build.0 = Release|x64
		{C240A74D-3F0A-423A-B5A1-03CF5CEE0116}.Release|x86.ActiveCfg = Release|Win32
		{C240A74D-3F0A-423A-B5A1-03CF5CEE0116}.Release|x86.Build.0 = Release|Win32
		{334A1A38-C97C-4400-A546-786994C631B9}.Debug|x64.ActiveCfg = Debug|x64
		{334A1A38-C97C-4400-A546-786994C631B9}.Debug|x64.Build.0 = Debug|x64
		{334A1A38-C97C-4400-A546-786994C631B9}.Debug|x86.ActiveCfg = Debug|Win32
		{334A1A38-C97C-4400-A546-786994C631B9}.Debug|x86.Build.0 = Debug|Win32
		{334A1A38-C97C-4400-A546-786994C631B9}.Release|x64.ActiveCfg = Release|x64
		{334A1A38-C97C-4400-A546-786994C631B9}.Release|x64.Build.0 = Release|x64
		{334A1A38-C97C-4400-A546-786994C631B9}.Release|x86.ActiveCfg = Release|Win32
		{334A1A38-C97C-4400-A546-786994C631B9}.Release|x86.Build.0 = Release|Win32
		{F4AC8F9B-78EE-49FE-A425-202CEAA4EF4A}.Debug|x64.ActiveCfg = Debug|x64
		{F4AC8F9B-78EE-49FE-A425-202CEAA4EF4A}.Debug|x64.Build.0 = Debug|x64
		{F4AC8F9B-78EE-49FE-A425-202CEAA4EF4A}.Debug|x86.ActiveCfg = Debug|Win32
		{F4AC8F9B-78EE-49FE-A425-202CEAA4EF4A}.Debug|x86.Build.0 = Debug|Win32
		{F4AC8F9B-78EE-49FE-A425-202CEAA4EF4A}.Release|x64.ActiveCfg = Release|x64
		{F4AC8F9B-78EE-49FE-A425-202CEAA4EF4A}.Release|x64.Build.0 = Release|x64
		{F4AC8F9B-78EE-49FE-A425-202CEAA4EF4A}.Release|x86.ActiveCfg = Release|Win32
		{F4AC8F9B-78EE-49FE-A425-202CEAA4EF4A}.Release|x86.Build.0 = Release|Win32
		{C50CA0FD-D26B-457F-9FEE-E48C76D69389}.Debug|x64.ActiveCfg = Debug|x64
		{C50CA0FD-D26B-457F-9FEE-E48C76D69389}.Debug|x64.Build.0 = Debug|x64
		{C50CA0FD-D26B-457F-9FEE-E48C76D69389}.Debug|x86.ActiveCfg = Debug|Win32
		{C50CA0FD-D26B-457F-9FEE-E48C76D69389}.Debug|x86.Build.0 = Debug|Win32
		{C50CA0FD-D26B-457F-9FEE-E48C76D69389}.Release|x64.ActiveCfg = Release|x64
		{C50CA0FD-D26B-457F-9FEE-E48C76D69389}.Release|x64.Build.0 = Release|x64
		{C50CA0FD-D26B-457F-9FEE-E48C76D69389}.Release|x86.ActiveCfg = Release|Win32
		{C50CA0FD-D26B-457F-9FEE-E48C76D69389}.Release|x86.Build.0 = Release|Win32
		{25C46BA8-9A76-4CFC-8061-95822D817DEB}.Debug|x64.ActiveCfg = Debug|x64
		{25C46BA8-9A76-4CFC-8061-95822D817DEB}.Debug|x64.Build.0 = Debug|x64
		{25C46BA8-9A76-4CFC-8061-95822D817DEB}.Debug|x86.ActiveCfg = Debug|Win32
		{25C46BA8-9A76-4CFC-8061-95822D817DEB}.Debug|x86.Build.0 = Debug|Win32
		{25C46BA8-9A76-4CFC-8061-95822D817DEB}.Release|x64.ActiveCfg = Release|x64
		{25C46BA8-9A76-4CFC-8061-95822D817DEB}.Release|x64.Build.0 = Release|x64
		{25C46BA8-9A76-4CFC-8061-95822D817DEB}.Release|x86.ActiveCfg = Release|Win32
		{25C46BA8-9A76-4CFC-8061-95822D817DEB}.Release|x86.Build.0 = Release|Win32
	EndGlobalSection
	GlobalSection(SolutionProperties) = preSolution
		HideSolutionNode = FALSE
	EndGlobalSection
	GlobalSection(ExtensibilityGlobals) = postSolution
		SolutionGuid = {C86A2BF8-382E-425A-8DD9-07186E848703}
	EndGlobalSection
EndGlobal
